
Microsoft Visual Studio Solution File, Format Version 12.00
# Visual Studio Version 16
VisualStudioVersion = 16.0.30114.105
MinimumVisualStudioVersion = 10.0.40219.1
Project("{2150E333-8FDC-42A3-9474-1A3956D46DE8}") = "Core", "Core", "{B73C1218-CEC0-4D18-B8CE-1F94614ABD00}"
EndProject
Project("{2150E333-8FDC-42A3-9474-1A3956D46DE8}") = "Infrastructure", "Infrastructure", "{3AC1552E-F8E2-4FD1-B143-399237520835}"
EndProject
Project("{2150E333-8FDC-42A3-9474-1A3956D46DE8}") = "Presentation", "Presentation", "{237EF8B5-9A40-46C8-A980-3126CB0C478F}"
EndProject
Project("{FAE04EC0-301F-11D3-BF4B-00C04F79EFBC}") = "MQS.Domain", "MQS.Domain\MQS.Domain.csproj", "{4233C4B4-2E01-45B0-98A3-723949082501}"
EndProject
Project("{FAE04EC0-301F-11D3-BF4B-00C04F79EFBC}") = "MQS.Application", "MQS.Application\MQS.Application.csproj", "{65CA2974-EA80-4498-8C30-787FBC5CFFA2}"
EndProject
Project("{FAE04EC0-301F-11D3-BF4B-00C04F79EFBC}") = "MQS.Data", "MQS.Data\MQS.Data.csproj", "{C1ADF57D-845A-43AB-BA51-57D14E7C5E4D}"
EndProject
Project("{FAE04EC0-301F-11D3-BF4B-00C04F79EFBC}") = "MQS.Shared", "MQS.Shared\MQS.Shared.csproj", "{8EF8B896-D6C8-4903-BB2C-8F2E0E523906}"
EndProject
Project("{FAE04EC0-301F-11D3-BF4B-00C04F79EFBC}") = "MQS.Identity", "MQS.Identity\MQS.Identity.csproj", "{034E83AD-E0E7-4441-9872-0A41497B349D}"
EndProject
Project("{FAE04EC0-301F-11D3-BF4B-00C04F79EFBC}") = "MQS.WebApi", "MQS.WebApi\MQS.WebApi.csproj", "{665EE136-5FC8-492F-9E81-162EC32D3FCE}"
EndProject
Project("{2150E333-8FDC-42A3-9474-1A3956D46DE8}") = "Tests", "Tests", "{9D134BEF-1ECF-48C2-AFE0-A467E901E491}"
EndProject
Project("{FAE04EC0-301F-11D3-BF4B-00C04F79EFBC}") = "MQS.UnitTests", "MQS.UnitTests\MQS.UnitTests.csproj", "{DDF855BF-F810-4628-B7B2-C20658713C0F}"
EndProject
Project("{FAE04EC0-301F-11D3-BF4B-00C04F79EFBC}") = "MQS.Utils", "MQS.Utils\MQS.Utils.csproj", "{675F8AA5-40CC-4134-891E-8FCD85C0B5AD}"
EndProject
Global
	GlobalSection(SolutionConfigurationPlatforms) = preSolution
		Debug|Any CPU = Debug|Any CPU
		Debug|x64 = Debug|x64
		Debug|x86 = Debug|x86
		Release|Any CPU = Release|Any CPU
		Release|x64 = Release|x64
		Release|x86 = Release|x86
	EndGlobalSection
	GlobalSection(ProjectConfigurationPlatforms) = postSolution
		{4233C4B4-2E01-45B0-98A3-723949082501}.Debug|Any CPU.ActiveCfg = Debug|Any CPU
		{4233C4B4-2E01-45B0-98A3-723949082501}.Debug|Any CPU.Build.0 = Debug|Any CPU
		{4233C4B4-2E01-45B0-98A3-723949082501}.Debug|x64.ActiveCfg = Debug|Any CPU
		{4233C4B4-2E01-45B0-98A3-723949082501}.Debug|x64.Build.0 = Debug|Any CPU
		{4233C4B4-2E01-45B0-98A3-723949082501}.Debug|x86.ActiveCfg = Debug|Any CPU
		{4233C4B4-2E01-45B0-98A3-723949082501}.Debug|x86.Build.0 = Debug|Any CPU
		{4233C4B4-2E01-45B0-98A3-723949082501}.Release|Any CPU.ActiveCfg = Release|Any CPU
		{4233C4B4-2E01-45B0-98A3-723949082501}.Release|Any CPU.Build.0 = Release|Any CPU
		{4233C4B4-2E01-45B0-98A3-723949082501}.Release|x64.ActiveCfg = Release|Any CPU
		{4233C4B4-2E01-45B0-98A3-723949082501}.Release|x64.Build.0 = Release|Any CPU
		{4233C4B4-2E01-45B0-98A3-723949082501}.Release|x86.ActiveCfg = Release|Any CPU
		{4233C4B4-2E01-45B0-98A3-723949082501}.Release|x86.Build.0 = Release|Any CPU
		{65CA2974-EA80-4498-8C30-787FBC5CFFA2}.Debug|Any CPU.ActiveCfg = Debug|Any CPU
		{65CA2974-EA80-4498-8C30-787FBC5CFFA2}.Debug|Any CPU.Build.0 = Debug|Any CPU
		{65CA2974-EA80-4498-8C30-787FBC5CFFA2}.Debug|x64.ActiveCfg = Debug|Any CPU
		{65CA2974-EA80-4498-8C30-787FBC5CFFA2}.Debug|x64.Build.0 = Debug|Any CPU
		{65CA2974-EA80-4498-8C30-787FBC5CFFA2}.Debug|x86.ActiveCfg = Debug|Any CPU
		{65CA2974-EA80-4498-8C30-787FBC5CFFA2}.Debug|x86.Build.0 = Debug|Any CPU
		{65CA2974-EA80-4498-8C30-787FBC5CFFA2}.Release|Any CPU.ActiveCfg = Release|Any CPU
		{65CA2974-EA80-4498-8C30-787FBC5CFFA2}.Release|Any CPU.Build.0 = Release|Any CPU
		{65CA2974-EA80-4498-8C30-787FBC5CFFA2}.Release|x64.ActiveCfg = Release|Any CPU
		{65CA2974-EA80-4498-8C30-787FBC5CFFA2}.Release|x64.Build.0 = Release|Any CPU
		{65CA2974-EA80-4498-8C30-787FBC5CFFA2}.Release|x86.ActiveCfg = Release|Any CPU
		{65CA2974-EA80-4498-8C30-787FBC5CFFA2}.Release|x86.Build.0 = Release|Any CPU
		{C1ADF57D-845A-43AB-BA51-57D14E7C5E4D}.Debug|Any CPU.ActiveCfg = Debug|Any CPU
		{C1ADF57D-845A-43AB-BA51-57D14E7C5E4D}.Debug|Any CPU.Build.0 = Debug|Any CPU
		{C1ADF57D-845A-43AB-BA51-57D14E7C5E4D}.Debug|x64.ActiveCfg = Debug|Any CPU
		{C1ADF57D-845A-43AB-BA51-57D14E7C5E4D}.Debug|x64.Build.0 = Debug|Any CPU
		{C1ADF57D-845A-43AB-BA51-57D14E7C5E4D}.Debug|x86.ActiveCfg = Debug|Any CPU
		{C1ADF57D-845A-43AB-BA51-57D14E7C5E4D}.Debug|x86.Build.0 = Debug|Any CPU
		{C1ADF57D-845A-43AB-BA51-57D14E7C5E4D}.Release|Any CPU.ActiveCfg = Release|Any CPU
		{C1ADF57D-845A-43AB-BA51-57D14E7C5E4D}.Release|Any CPU.Build.0 = Release|Any CPU
		{C1ADF57D-845A-43AB-BA51-57D14E7C5E4D}.Release|x64.ActiveCfg = Release|Any CPU
		{C1ADF57D-845A-43AB-BA51-57D14E7C5E4D}.Release|x64.Build.0 = Release|Any CPU
		{C1ADF57D-845A-43AB-BA51-57D14E7C5E4D}.Release|x86.ActiveCfg = Release|Any CPU
		{C1ADF57D-845A-43AB-BA51-57D14E7C5E4D}.Release|x86.Build.0 = Release|Any CPU
		{8EF8B896-D6C8-4903-BB2C-8F2E0E523906}.Debug|Any CPU.ActiveCfg = Debug|Any CPU
		{8EF8B896-D6C8-4903-BB2C-8F2E0E523906}.Debug|Any CPU.Build.0 = Debug|Any CPU
		{8EF8B896-D6C8-4903-BB2C-8F2E0E523906}.Debug|x64.ActiveCfg = Debug|Any CPU
		{8EF8B896-D6C8-4903-BB2C-8F2E0E523906}.Debug|x64.Build.0 = Debug|Any CPU
		{8EF8B896-D6C8-4903-BB2C-8F2E0E523906}.Debug|x86.ActiveCfg = Debug|Any CPU
		{8EF8B896-D6C8-4903-BB2C-8F2E0E523906}.Debug|x86.Build.0 = Debug|Any CPU
		{8EF8B896-D6C8-4903-BB2C-8F2E0E523906}.Release|Any CPU.ActiveCfg = Release|Any CPU
		{8EF8B896-D6C8-4903-BB2C-8F2E0E523906}.Release|Any CPU.Build.0 = Release|Any CPU
		{8EF8B896-D6C8-4903-BB2C-8F2E0E523906}.Release|x64.ActiveCfg = Release|Any CPU
		{8EF8B896-D6C8-4903-BB2C-8F2E0E523906}.Release|x64.Build.0 = Release|Any CPU
		{8EF8B896-D6C8-4903-BB2C-8F2E0E523906}.Release|x86.ActiveCfg = Release|Any CPU
		{8EF8B896-D6C8-4903-BB2C-8F2E0E523906}.Release|x86.Build.0 = Release|Any CPU
		{034E83AD-E0E7-4441-9872-0A41497B349D}.Debug|Any CPU.ActiveCfg = Debug|Any CPU
		{034E83AD-E0E7-4441-9872-0A41497B349D}.Debug|Any CPU.Build.0 = Debug|Any CPU
		{034E83AD-E0E7-4441-9872-0A41497B349D}.Debug|x64.ActiveCfg = Debug|Any CPU
		{034E83AD-E0E7-4441-9872-0A41497B349D}.Debug|x64.Build.0 = Debug|Any CPU
		{034E83AD-E0E7-4441-9872-0A41497B349D}.Debug|x86.ActiveCfg = Debug|Any CPU
		{034E83AD-E0E7-4441-9872-0A41497B349D}.Debug|x86.Build.0 = Debug|Any CPU
		{034E83AD-E0E7-4441-9872-0A41497B349D}.Release|Any CPU.ActiveCfg = Release|Any CPU
		{034E83AD-E0E7-4441-9872-0A41497B349D}.Release|Any CPU.Build.0 = Release|Any CPU
		{034E83AD-E0E7-4441-9872-0A41497B349D}.Release|x64.ActiveCfg = Release|Any CPU
		{034E83AD-E0E7-4441-9872-0A41497B349D}.Release|x64.Build.0 = Release|Any CPU
		{034E83AD-E0E7-4441-9872-0A41497B349D}.Release|x86.ActiveCfg = Release|Any CPU
		{034E83AD-E0E7-4441-9872-0A41497B349D}.Release|x86.Build.0 = Release|Any CPU
		{665EE136-5FC8-492F-9E81-162EC32D3FCE}.Debug|Any CPU.ActiveCfg = Debug|Any CPU
		{665EE136-5FC8-492F-9E81-162EC32D3FCE}.Debug|Any CPU.Build.0 = Debug|Any CPU
		{665EE136-5FC8-492F-9E81-162EC32D3FCE}.Debug|x64.ActiveCfg = Debug|Any CPU
		{665EE136-5FC8-492F-9E81-162EC32D3FCE}.Debug|x64.Build.0 = Debug|Any CPU
		{665EE136-5FC8-492F-9E81-162EC32D3FCE}.Debug|x86.ActiveCfg = Debug|Any CPU
		{665EE136-5FC8-492F-9E81-162EC32D3FCE}.Debug|x86.Build.0 = Debug|Any CPU
		{665EE136-5FC8-492F-9E81-162EC32D3FCE}.Release|Any CPU.ActiveCfg = Release|Any CPU
		{665EE136-5FC8-492F-9E81-162EC32D3FCE}.Release|Any CPU.Build.0 = Release|Any CPU
		{665EE136-5FC8-492F-9E81-162EC32D3FCE}.Release|x64.ActiveCfg = Release|Any CPU
		{665EE136-5FC8-492F-9E81-162EC32D3FCE}.Release|x64.Build.0 = Release|Any CPU
		{665EE136-5FC8-492F-9E81-162EC32D3FCE}.Release|x86.ActiveCfg = Release|Any CPU
		{665EE136-5FC8-492F-9E81-162EC32D3FCE}.Release|x86.Build.0 = Release|Any CPU
		{DDF855BF-F810-4628-B7B2-C20658713C0F}.Debug|Any CPU.ActiveCfg = Debug|Any CPU
		{DDF855BF-F810-4628-B7B2-C20658713C0F}.Debug|Any CPU.Build.0 = Debug|Any CPU
		{DDF855BF-F810-4628-B7B2-C20658713C0F}.Debug|x64.ActiveCfg = Debug|Any CPU
		{DDF855BF-F810-4628-B7B2-C20658713C0F}.Debug|x64.Build.0 = Debug|Any CPU
		{DDF855BF-F810-4628-B7B2-C20658713C0F}.Debug|x86.ActiveCfg = Debug|Any CPU
		{DDF855BF-F810-4628-B7B2-C20658713C0F}.Debug|x86.Build.0 = Debug|Any CPU
		{DDF855BF-F810-4628-B7B2-C20658713C0F}.Release|Any CPU.ActiveCfg = Release|Any CPU
		{DDF855BF-F810-4628-B7B2-C20658713C0F}.Release|Any CPU.Build.0 = Release|Any CPU
		{DDF855BF-F810-4628-B7B2-C20658713C0F}.Release|x64.ActiveCfg = Release|Any CPU
		{DDF855BF-F810-4628-B7B2-C20658713C0F}.Release|x64.Build.0 = Release|Any CPU
		{DDF855BF-F810-4628-B7B2-C20658713C0F}.Release|x86.ActiveCfg = Release|Any CPU
		{DDF855BF-F810-4628-B7B2-C20658713C0F}.Release|x86.Build.0 = Release|Any CPU
		{675F8AA5-40CC-4134-891E-8FCD85C0B5AD}.Debug|Any CPU.ActiveCfg = Debug|Any CPU
		{675F8AA5-40CC-4134-891E-8FCD85C0B5AD}.Debug|Any CPU.Build.0 = Debug|Any CPU
		{675F8AA5-40CC-4134-891E-8FCD85C0B5AD}.Debug|x64.ActiveCfg = Debug|Any CPU
		{675F8AA5-40CC-4134-891E-8FCD85C0B5AD}.Debug|x64.Build.0 = Debug|Any CPU
		{675F8AA5-40CC-4134-891E-8FCD85C0B5AD}.Debug|x86.ActiveCfg = Debug|Any CPU
		{675F8AA5-40CC-4134-891E-8FCD85C0B5AD}.Debug|x86.Build.0 = Debug|Any CPU
		{675F8AA5-40CC-4134-891E-8FCD85C0B5AD}.Release|Any CPU.ActiveCfg = Release|Any CPU
		{675F8AA5-40CC-4134-891E-8FCD85C0B5AD}.Release|Any CPU.Build.0 = Release|Any CPU
		{675F8AA5-40CC-4134-891E-8FCD85C0B5AD}.Release|x64.ActiveCfg = Release|Any CPU
		{675F8AA5-40CC-4134-891E-8FCD85C0B5AD}.Release|x64.Build.0 = Release|Any CPU
		{675F8AA5-40CC-4134-891E-8FCD85C0B5AD}.Release|x86.ActiveCfg = Release|Any CPU
		{675F8AA5-40CC-4134-891E-8FCD85C0B5AD}.Release|x86.Build.0 = Release|Any CPU
	EndGlobalSection
	GlobalSection(SolutionProperties) = preSolution
		HideSolutionNode = FALSE
	EndGlobalSection
	GlobalSection(NestedProjects) = preSolution
		{4233C4B4-2E01-45B0-98A3-723949082501} = {B73C1218-CEC0-4D18-B8CE-1F94614ABD00}
		{65CA2974-EA80-4498-8C30-787FBC5CFFA2} = {B73C1218-CEC0-4D18-B8CE-1F94614ABD00}
		{C1ADF57D-845A-43AB-BA51-57D14E7C5E4D} = {3AC1552E-F8E2-4FD1-B143-399237520835}
		{8EF8B896-D6C8-4903-BB2C-8F2E0E523906} = {3AC1552E-F8E2-4FD1-B143-399237520835}
		{034E83AD-E0E7-4441-9872-0A41497B349D} = {3AC1552E-F8E2-4FD1-B143-399237520835}
		{665EE136-5FC8-492F-9E81-162EC32D3FCE} = {237EF8B5-9A40-46C8-A980-3126CB0C478F}
		{DDF855BF-F810-4628-B7B2-C20658713C0F} = {9D134BEF-1ECF-48C2-AFE0-A467E901E491}
		{675F8AA5-40CC-4134-891E-8FCD85C0B5AD} = {B73C1218-CEC0-4D18-B8CE-1F94614ABD00}
	EndGlobalSection
	GlobalSection(ExtensibilityGlobals) = postSolution
		SolutionGuid = {BE6E7DEE-8F54-41C7-A01D-E2D287D492DC}
	EndGlobalSection
EndGlobal
